GEM
  remote: https://rubygems.org/
  specs:
    bigdecimal (4.1.2)
    hnswlib (0.9.3)
    nio4r (2.7.5)
    numo-linalg (0.1.7)
      numo-narray (>= 0.9.1.4)
    numo-narray (0.9.2.1)
    oj (3.17.0)
      bigdecimal (>= 3.0)
      ostruct (>= 0.2)
    ostruct (0.6.3)
    puma (6.6.1)
      nio4r (~> 2.0)
    rack (3.2.6)

PLATFORMS
  x64-mingw-ucrt

DEPENDENCIES
  hnswlib (~> 0.9)
  numo-linalg (~> 0.1)
  numo-narray (~> 0.9.2)
  oj (~> 3.16)
  puma (~> 6.4)
  rack (~> 3.1)

CHECKSUMS
  bigdecimal (4.1.2) sha256=53d217666027eab4280346fba98e7d5b66baaae1b9c3c1c0ffe89d48188a3fbd
  hnswlib (0.9.3) sha256=527308921548df661cc459a37b001b5709c66c3ae29a24d7be8f4e3d6225ec3c
  nio4r (2.7.5) sha256=6c90168e48fb5f8e768419c93abb94ba2b892a1d0602cb06eef16d8b7df1dca1
  numo-linalg (0.1.7) sha256=bf5faa48b682b707535a11ce8e10e8b74896aa61497e0d3b1f73a22c3455301b
  numo-narray (0.9.2.1) sha256=eed76b47eebe1288ffd878b387f1882f4863d8e6ab5dd61453768139e14adceb
  oj (3.17.0) sha256=5684b2127fb70e650fae90df521b91336ff8e55e2e1011ed80eb0283beac5360
  ostruct (0.6.3) sha256=95a2ed4a4bd1d190784e666b47b2d3f078e4a9efda2fccf18f84ddc6538ed912
  puma (6.6.1) sha256=b9b56e4a4ea75d1bfa6d9e1972ee2c9f43d0883f011826d914e8e37b3694ea1e
  rack (3.2.6) sha256=5ed78e1f73b2e25679bec7d45ee2d4483cc4146eb1be0264fc4d94cb5ef212c2

BUNDLED WITH
  4.0.4
